
Microsoft Visual Studio Solution File, Format Version 12.00
Project("{F2A71F9B-5D33-465A-A702-920D77279786}") = "Gitea.Declarative.Lib", "Gitea.Declarative.Lib\Gitea.Declarative.Lib.fsproj", "{5F99DAF4-A9F0-4A76-A205-AF586C07FE40}"
EndProject
Project("{F2A71F9B-5D33-465A-A702-920D77279786}") = "Gitea.Declarative.Test", "Gitea.Declarative.Test\Gitea.Declarative.Test.fsproj", "{1E3E6442-11C5-4366-A1E8-A38E069934F7}"
EndProject
Project("{F2A71F9B-5D33-465A-A702-920D77279786}") = "Gitea.Declarative", "Gitea.Declarative\Gitea.Declarative.fsproj", "{77DA39F7-AF01-448A-B71C-3D495EE2F6F4}"
EndProject
Project("{F2A71F9B-5D33-465A-A702-920D77279786}") = "Gitea.InMemory", "Gitea.InMemory\Gitea.InMemory.fsproj", "{E7620129-398A-4BEA-9390-373BDF38C4B8}"
EndProject
Project("{F2A71F9B-5D33-465A-A702-920D77279786}") = "WoofWare.Myriad.Plugins", "..\WoofWare.Myriad\WoofWare.Myriad.Plugins\WoofWare.Myriad.Plugins.fsproj", "{FFB09427-D403-495B-B602-D5EA68A56E5F}"
EndProject
Project("{F2A71F9B-5D33-465A-A702-920D77279786}") = "WoofWare.Myriad.Plugins.Attributes", "..\WoofWare.Myriad\WoofWare.Myriad.Plugins.Attributes\WoofWare.Myriad.Plugins.Attributes.fsproj", "{98C9FEE7-A4C8-4FF6-AF09-ADDD79CFD17D}"
EndProject
Global
	GlobalSection(SolutionConfigurationPlatforms) = preSolution
		Debug|Any CPU = Debug|Any CPU
		Release|Any CPU = Release|Any CPU
	EndGlobalSection
	GlobalSection(ProjectConfigurationPlatforms) = postSolution
		{5F99DAF4-A9F0-4A76-A205-AF586C07FE40}.Debug|Any CPU.ActiveCfg = Debug|Any CPU
		{5F99DAF4-A9F0-4A76-A205-AF586C07FE40}.Debug|Any CPU.Build.0 = Debug|Any CPU
		{5F99DAF4-A9F0-4A76-A205-AF586C07FE40}.Release|Any CPU.ActiveCfg = Release|Any CPU
		{5F99DAF4-A9F0-4A76-A205-AF586C07FE40}.Release|Any CPU.Build.0 = Release|Any CPU
		{1E3E6442-11C5-4366-A1E8-A38E069934F7}.Debug|Any CPU.ActiveCfg = Debug|Any CPU
		{1E3E6442-11C5-4366-A1E8-A38E069934F7}.Debug|Any CPU.Build.0 = Debug|Any CPU
		{1E3E6442-11C5-4366-A1E8-A38E069934F7}.Release|Any CPU.ActiveCfg = Release|Any CPU
		{1E3E6442-11C5-4366-A1E8-A38E069934F7}.Release|Any CPU.Build.0 = Release|Any CPU
		{77DA39F7-AF01-448A-B71C-3D495EE2F6F4}.Debug|Any CPU.ActiveCfg = Debug|Any CPU
		{77DA39F7-AF01-448A-B71C-3D495EE2F6F4}.Debug|Any CPU.Build.0 = Debug|Any CPU
		{77DA39F7-AF01-448A-B71C-3D495EE2F6F4}.Release|Any CPU.ActiveCfg = Release|Any CPU
		{77DA39F7-AF01-448A-B71C-3D495EE2F6F4}.Release|Any CPU.Build.0 = Release|Any CPU
		{E7620129-398A-4BEA-9390-373BDF38C4B8}.Debug|Any CPU.ActiveCfg = Debug|Any CPU
		{E7620129-398A-4BEA-9390-373BDF38C4B8}.Debug|Any CPU.Build.0 = Debug|Any CPU
		{E7620129-398A-4BEA-9390-373BDF38C4B8}.Release|Any CPU.ActiveCfg = Release|Any CPU
		{E7620129-398A-4BEA-9390-373BDF38C4B8}.Release|Any CPU.Build.0 = Release|Any CPU
		{FFB09427-D403-495B-B602-D5EA68A56E5F}.Debug|Any CPU.ActiveCfg = Debug|Any CPU
		{FFB09427-D403-495B-B602-D5EA68A56E5F}.Debug|Any CPU.Build.0 = Debug|Any CPU
		{FFB09427-D403-495B-B602-D5EA68A56E5F}.Release|Any CPU.ActiveCfg = Release|Any CPU
		{FFB09427-D403-495B-B602-D5EA68A56E5F}.Release|Any CPU.Build.0 = Release|Any CPU
		{98C9FEE7-A4C8-4FF6-AF09-ADDD79CFD17D}.Debug|Any CPU.ActiveCfg = Debug|Any CPU
		{98C9FEE7-A4C8-4FF6-AF09-ADDD79CFD17D}.Debug|Any CPU.Build.0 = Debug|Any CPU
		{98C9FEE7-A4C8-4FF6-AF09-ADDD79CFD17D}.Release|Any CPU.ActiveCfg = Release|Any CPU
		{98C9FEE7-A4C8-4FF6-AF09-ADDD79CFD17D}.Release|Any CPU.Build.0 = Release|Any CPU
	EndGlobalSection
EndGlobal
